
Microsoft Visual Studio Solution File, Format Version 12.00
Project("{FAE04EC0-301F-11D3-BF4B-00C04F79EFBC}") = "MadDriver_v2", "MadDriver_v2\MadDriver_v2.csproj", "{91FBB85E-B18E-41FD-AD30-7D0339715FF2}"
EndProject
Project("{FAE04EC0-301F-11D3-BF4B-00C04F79EFBC}") = "Express", "..\Express\Express\Express.csproj", "{7528AFB3-A3F4-41DB-AF08-F5F368131498}"
EndProject
Project("{FAE04EC0-301F-11D3-BF4B-00C04F79EFBC}") = "Artificial I", "..\Artificial I\Artificial I\Artificial I.csproj", "{CB7B98CE-E634-49CB-97B7-6EA257D788A8}"
EndProject
Global
	GlobalSection(SolutionConfigurationPlatforms) = preSolution
		Debug|Any CPU = Debug|Any CPU
		Release|Any CPU = Release|Any CPU
	EndGlobalSection
	GlobalSection(ProjectConfigurationPlatforms) = postSolution
		{91FBB85E-B18E-41FD-AD30-7D0339715FF2}.Debug|Any CPU.ActiveCfg = Debug|Any CPU
		{91FBB85E-B18E-41FD-AD30-7D0339715FF2}.Debug|Any CPU.Build.0 = Debug|Any CPU
		{91FBB85E-B18E-41FD-AD30-7D0339715FF2}.Release|Any CPU.ActiveCfg = Release|Any CPU
		{91FBB85E-B18E-41FD-AD30-7D0339715FF2}.Release|Any CPU.Build.0 = Release|Any CPU
		{7528AFB3-A3F4-41DB-AF08-F5F368131498}.Debug|Any CPU.ActiveCfg = Debug|Any CPU
		{7528AFB3-A3F4-41DB-AF08-F5F368131498}.Debug|Any CPU.Build.0 = Debug|Any CPU
		{7528AFB3-A3F4-41DB-AF08-F5F368131498}.Release|Any CPU.ActiveCfg = Release|Any CPU
		{7528AFB3-A3F4-41DB-AF08-F5F368131498}.Release|Any CPU.Build.0 = Release|Any CPU
		{CB7B98CE-E634-49CB-97B7-6EA257D788A8}.Debug|Any CPU.ActiveCfg = Debug|Any CPU
		{CB7B98CE-E634-49CB-97B7-6EA257D788A8}.Debug|Any CPU.Build.0 = Debug|Any CPU
		{CB7B98CE-E634-49CB-97B7-6EA257D788A8}.Release|Any CPU.ActiveCfg = Release|Any CPU
		{CB7B98CE-E634-49CB-97B7-6EA257D788A8}.Release|Any CPU.Build.0 = Release|Any CPU
	EndGlobalSection
EndGlobal
