
Microsoft Visual Studio Solution File, Format Version 12.00
Project("{FAE04EC0-301F-11D3-BF4B-00C04F79EFBC}") = "SpriteBatchDemo", "SpriteBatchDemo\SpriteBatchDemo.csproj", "{1DBCD535-00DE-49D5-8571-6DBA28395513}"
EndProject
Global
	GlobalSection(SolutionConfigurationPlatforms) = preSolution
		Debug|Any CPU = Debug|Any CPU
		Release|Any CPU = Release|Any CPU
	EndGlobalSection
	GlobalSection(ProjectConfigurationPlatforms) = postSolution
		{1DBCD535-00DE-49D5-8571-6DBA28395513}.Debug|Any CPU.ActiveCfg = Debug|Any CPU
		{1DBCD535-00DE-49D5-8571-6DBA28395513}.Debug|Any CPU.Build.0 = Debug|Any CPU
		{1DBCD535-00DE-49D5-8571-6DBA28395513}.Release|Any CPU.ActiveCfg = Release|Any CPU
		{1DBCD535-00DE-49D5-8571-6DBA28395513}.Release|Any CPU.Build.0 = Release|Any CPU
	EndGlobalSection
EndGlobal
