
Microsoft Visual Studio Solution File, Format Version 12.00
Project("{FAE04EC0-301F-11D3-BF4B-00C04F79EFBC}") = "MadDriver_v1", "MadDriver_v1\MadDriver_v1.csproj", "{60592ABA-5C67-44DB-AE4A-F05BF54C8A70}"
EndProject
Project("{FAE04EC0-301F-11D3-BF4B-00C04F79EFBC}") = "Artificial I", "..\Artificial I\Artificial I\Artificial I.csproj", "{BBC1D4DC-B03D-4FDA-8E4F-FAA8FA983902}"
EndProject
Project("{FAE04EC0-301F-11D3-BF4B-00C04F79EFBC}") = "Express", "..\Express\Express\Express.csproj", "{DF9967FF-7441-4AD5-9683-137DB23AD998}"
EndProject
Global
	GlobalSection(SolutionConfigurationPlatforms) = preSolution
		Debug|Any CPU = Debug|Any CPU
		Release|Any CPU = Release|Any CPU
	EndGlobalSection
	GlobalSection(ProjectConfigurationPlatforms) = postSolution
		{60592ABA-5C67-44DB-AE4A-F05BF54C8A70}.Debug|Any CPU.ActiveCfg = Debug|Any CPU
		{60592ABA-5C67-44DB-AE4A-F05BF54C8A70}.Debug|Any CPU.Build.0 = Debug|Any CPU
		{60592ABA-5C67-44DB-AE4A-F05BF54C8A70}.Release|Any CPU.ActiveCfg = Release|Any CPU
		{60592ABA-5C67-44DB-AE4A-F05BF54C8A70}.Release|Any CPU.Build.0 = Release|Any CPU
		{BBC1D4DC-B03D-4FDA-8E4F-FAA8FA983902}.Debug|Any CPU.ActiveCfg = Debug|Any CPU
		{BBC1D4DC-B03D-4FDA-8E4F-FAA8FA983902}.Debug|Any CPU.Build.0 = Debug|Any CPU
		{BBC1D4DC-B03D-4FDA-8E4F-FAA8FA983902}.Release|Any CPU.ActiveCfg = Release|Any CPU
		{BBC1D4DC-B03D-4FDA-8E4F-FAA8FA983902}.Release|Any CPU.Build.0 = Release|Any CPU
		{DF9967FF-7441-4AD5-9683-137DB23AD998}.Debug|Any CPU.ActiveCfg = Debug|Any CPU
		{DF9967FF-7441-4AD5-9683-137DB23AD998}.Debug|Any CPU.Build.0 = Debug|Any CPU
		{DF9967FF-7441-4AD5-9683-137DB23AD998}.Release|Any CPU.ActiveCfg = Release|Any CPU
		{DF9967FF-7441-4AD5-9683-137DB23AD998}.Release|Any CPU.Build.0 = Release|Any CPU
	EndGlobalSection
EndGlobal
