
Microsoft Visual Studio Solution File, Format Version 12.00
Project("{FAE04EC0-301F-11D3-BF4B-00C04F79EFBC}") = "SpriteClass", "SpriteClass\SpriteClass.csproj", "{C2FE9405-6475-440F-B601-D3379C9EAA7E}"
EndProject
Global
	GlobalSection(SolutionConfigurationPlatforms) = preSolution
		Debug|Any CPU = Debug|Any CPU
		Release|Any CPU = Release|Any CPU
	EndGlobalSection
	GlobalSection(ProjectConfigurationPlatforms) = postSolution
		{C2FE9405-6475-440F-B601-D3379C9EAA7E}.Debug|Any CPU.ActiveCfg = Debug|Any CPU
		{C2FE9405-6475-440F-B601-D3379C9EAA7E}.Debug|Any CPU.Build.0 = Debug|Any CPU
		{C2FE9405-6475-440F-B601-D3379C9EAA7E}.Release|Any CPU.ActiveCfg = Release|Any CPU
		{C2FE9405-6475-440F-B601-D3379C9EAA7E}.Release|Any CPU.Build.0 = Release|Any CPU
	EndGlobalSection
EndGlobal
